dependencies:
- name: postgresql
  repository: https://charts.bitnami.com/bitnami
  version: 18.4.0
- name: postgresql
  repository: https://charts.bitnami.com/bitnami
  version: 18.4.0
- name: postgresql
  repository: https://charts.bitnami.com/bitnami
  version: 18.4.0
digest: sha256:18ae7c98e6f3176dcc0de6327b5df92834cb5f9580d1eba3642824fbc6caccd4
generated: "2026-06-04T11:29:46.6023117+02:00"
